{
  "lockfileVersion": 1,
  "configVersion": 0,
  "workspaces": {
    "": {
      "name": "extensions-runner",
      "dependencies": {
        "vm2": "^3.9.19",
      },
    },
  },
  "packages": {
    "acorn": ["acorn@8.11.3", "", { "bin": "bin/acorn" }, ""],

    "acorn-walk": ["acorn-walk@8.3.2", "", {}, ""],

    "vm2": ["vm2@3.9.19", "", { "dependencies": { "acorn": "^8.7.0", "acorn-walk": "^8.2.0" }, "bin": "bin/vm2" }, ""],
  }
}
