{
  "name": "extensions-runner",
  "version": "1.0.0",
  "lockfileVersion": 3,
  "requires": true,
  "packages": {
    "": {
      "name": "extensions-runner",
      "version": "1.0.0",
      "license": "ISC",
      "dependencies": {
        "vm2": "^3.9.19"
      }
    },
    "node_modules/acorn": {
      "version": "8.11.3",
      "license": "MIT",
      "bin": {
        "acorn": "bin/acorn"
      },
      "engines": {
        "node": ">=0.4.0"
      }
    },
    "node_modules/acorn-walk": {
      "version": "8.3.2",
      "license": "MIT",
      "engines": {
        "node": ">=0.4.0"
      }
    },
    "node_modules/vm2": {
      "version": "3.9.19",
      "license": "MIT",
      "dependencies": {
        "acorn": "^8.7.0",
        "acorn-walk": "^8.2.0"
      },
      "bin": {
        "vm2": "bin/vm2"
      },
      "engines": {
        "node": ">=6.0"
      }
    }
  }
}
